<?xml version="1.0" encoding="utf-8"?>
<Project ToolsVersion="4.0" xmlns="http://schemas.microsoft.com/developer/msbuild/2003">
  <ItemGroup>
    <Filter Include="Source Files">
      <UniqueIdentifier>{4FC737F1-C7A5-4376-A066-2A32D752A2FF}</UniqueIdentifier>
      <Extensions>cpp;c;cc;cxx;def;odl;idl;hpj;bat;asm;asmx</Extensions>
    </Filter>
    <Filter Include="Header Files">
      <UniqueIdentifier>{93995380-89BD-4b04-88EB-625FBE52EBFB}</UniqueIdentifier>
      <Extensions>h;hh;hpp;hxx;hm;inl;inc;ipp;xsd</Extensions>
    </Filter>
    <Filter Include="Resource Files">
      <UniqueIdentifier>{67DA6AB6-F800-4c08-8B7A-83BB121AAD01}</UniqueIdentifier>
      <Extensions>rc;ico;cur;bmp;dlg;rc2;rct;bin;rgs;gif;jpg;jpeg;jpe;resx;tiff;tif;png;wav;mfcribbon-ms</Extensions>
    </Filter>
    <Filter Include="Shaders">
      <UniqueIdentifier>{eaed43cd-70ee-46f8-a72d-e7f5e1b289fd}</UniqueIdentifier>
    </Filter>
    <Filter Include="Source Files\imported">
      <UniqueIdentifier>{c86c6d07-8be5-4ba1-b79b-19149e8e3823}</UniqueIdentifier>
    </Filter>
  </ItemGroup>
  <ItemGroup>
    <ClCompile Include="main.cpp">
      <Filter>Source Files</Filter>
    </ClCompile>
    <ClCompile Include="renderer.cpp">
      <Filter>Source Files</Filter>
    </ClCompile>
    <ClCompile Include="stb_image.cpp">
      <Filter>Source Files</Filter>
    </ClCompile>
    <ClCompile Include="app.cpp">
      <Filter>Source Files</Filter>
    </ClCompile>
    <ClCompile Include="util.cpp">
      <Filter>Source Files</Filter>
    </ClCompile>
    <ClCompile Include="shaders.cpp">
      <Filter>Source Files</Filter>
    </ClCompile>
    <ClCompile Include="tiny_gltf.cpp">
      <Filter>Source Files</Filter>
    </ClCompile>
    <ClCompile Include="app2.cpp">
      <Filter>Source Files</Filter>
    </ClCompile>
    <ClCompile Include="model.cpp">
      <Filter>Source Files</Filter>
    </ClCompile>
    <ClCompile Include="heaps.cpp">
      <Filter>Source Files</Filter>
    </ClCompile>
    <ClCompile Include="camera.cpp">
      <Filter>Source Files</Filter>
    </ClCompile>
    <ClCompile Include="fsEffect.cpp">
      <Filter>Source Files</Filter>
    </ClCompile>
    <ClCompile Include="app3.cpp">
      <Filter>Source Files</Filter>
    </ClCompile>
    <ClCompile Include="heapMgr.cpp">
      <Filter>Source Files</Filter>
    </ClCompile>
    <ClCompile Include="mipmap.cpp">
      <Filter>Source Files</Filter>
    </ClCompile>
  </ItemGroup>
  <ItemGroup>
    <ClInclude Include="renderer.h">
      <Filter>Source Files</Filter>
    </ClInclude>
    <ClInclude Include="util.h">
      <Filter>Source Files</Filter>
    </ClInclude>
    <ClInclude Include="settings.h">
      <Filter>Source Files</Filter>
    </ClInclude>
    <ClInclude Include="heaps.h">
      <Filter>Source Files</Filter>
    </ClInclude>
    <ClInclude Include="app.h">
      <Filter>Source Files</Filter>
    </ClInclude>
    <ClInclude Include="shaders.h">
      <Filter>Source Files</Filter>
    </ClInclude>
    <ClInclude Include="tiny_gltf.h">
      <Filter>Source Files\imported</Filter>
    </ClInclude>
    <ClInclude Include="stb_image.h">
      <Filter>Source Files\imported</Filter>
    </ClInclude>
    <ClInclude Include="json.hpp">
      <Filter>Source Files\imported</Filter>
    </ClInclude>
    <ClInclude Include="model.h">
      <Filter>Source Files</Filter>
    </ClInclude>
    <ClInclude Include="app2.h">
      <Filter>Source Files</Filter>
    </ClInclude>
    <ClInclude Include="gltfHelper.h">
      <Filter>Source Files</Filter>
    </ClInclude>
    <ClInclude Include="dynArray.h">
      <Filter>Source Files</Filter>
    </ClInclude>
    <ClInclude Include="heapMgr.h">
      <Filter>Source Files</Filter>
    </ClInclude>
    <ClInclude Include="strings.h">
      <Filter>Source Files</Filter>
    </ClInclude>
    <ClInclude Include="camera.h">
      <Filter>Source Files</Filter>
    </ClInclude>
    <ClInclude Include="fsEffect.h">
      <Filter>Source Files</Filter>
    </ClInclude>
    <ClInclude Include="app3.h">
      <Filter>Source Files</Filter>
    </ClInclude>
    <ClInclude Include="texture.h">
      <Filter>Source Files</Filter>
    </ClInclude>
  </ItemGroup>
  <ItemGroup>
    <FxCompile Include="trianglePs.hlsl">
      <Filter>Shaders</Filter>
    </FxCompile>
    <FxCompile Include="triangleVs.hlsl">
      <Filter>Shaders</Filter>
    </FxCompile>
    <FxCompile Include="untexturedModel.hlsl">
      <Filter>Shaders</Filter>
    </FxCompile>
    <FxCompile Include="fullscreentri.hlsl">
      <Filter>Shaders</Filter>
    </FxCompile>
    <FxCompile Include="sunset.hlsl">
      <Filter>Shaders</Filter>
    </FxCompile>
    <FxCompile Include="roadGrid.hlsl">
      <Filter>Shaders</Filter>
    </FxCompile>
    <FxCompile Include="texturedVs.hlsl">
      <Filter>Shaders</Filter>
    </FxCompile>
    <FxCompile Include="texturedPs.hlsl">
      <Filter>Shaders</Filter>
    </FxCompile>
    <FxCompile Include="bumpMapped.hlsl">
      <Filter>Shaders</Filter>
    </FxCompile>
    <FxCompile Include="gltfPbr.hlsl">
      <Filter>Shaders</Filter>
    </FxCompile>
    <FxCompile Include="gltfGbufferPass.hlsl">
      <Filter>Shaders</Filter>
    </FxCompile>
    <FxCompile Include="gltfMerge.hlsl">
      <Filter>Shaders</Filter>
    </FxCompile>
    <FxCompile Include="genMips.hlsl">
      <Filter>Shaders</Filter>
    </FxCompile>
  </ItemGroup>
</Project>